// !$*UTF8*$!
{
	archiveVersion = 1;
	classes = {
	};
	objectVersion = 50;
	objects = {

/* Begin PBXBuildFile section */
		64AA9B2123F08DB100F24D8D /* AppDelegate.swift in Sources */ = {isa = PBXBuildFile; fileRef = 64AA9B2023F08DB100F24D8D /* AppDelegate.swift */; };
		64AA9B2323F08DB100F24D8D /* SceneDelegate.swift in Sources */ = {isa = PBXBuildFile; fileRef = 64AA9B2223F08DB100F24D8D /* SceneDelegate.swift */; };
		64AA9B2523F08DB100F24D8D /* ViewController.swift in Sources */ = {isa = PBXBuildFile; fileRef = 64AA9B2423F08DB100F24D8D /* ViewController.swift */; };
		64AA9B2823F08DB100F24D8D /* Main.storyboard in Resources */ = {isa = PBXBuildFile; fileRef = 64AA9B2623F08DB100F24D8D /* Main.storyboard */; };
		64AA9B2A23F08DB400F24D8D /* Assets.xcassets in Resources */ = {isa = PBXBuildFile; fileRef = 64AA9B2923F08DB400F24D8D /* Assets.xcassets */; };
		64AA9B2D23F08DB400F24D8D /* LaunchScreen.storyboard in Resources */ = {isa = PBXBuildFile; fileRef = 64AA9B2B23F08DB400F24D8D /* LaunchScreen.storyboard */; };
		64AA9B3823F08DB400F24D8D /* OneRepMaxTests.swift in Sources */ = {isa = PBXBuildFile; fileRef = 64AA9B3723F08DB400F24D8D /* OneRepMaxTests.swift */; };
/* End PBXBuildFile section */

/* Begin PBXContainerItemProxy section */
		64AA9B3423F08DB400F24D8D /* PBXContainerItemProxy */ = {
			isa = PBXContainerItemProxy;
			containerPortal = 64AA9B1523F08DB100F24D8D /* Project object */;
			proxyType = 1;
			remoteGlobalIDString = 64AA9B1C23F08DB100F24D8D;
			remoteInfo = OneRepMax;
		};
/* End PBXContainerItemProxy section */

/* Begin PBXFileReference section */
		64AA9B1D23F08DB100F24D8D /* OneRepMax.app */ = {isa = PBXFileReference; explicitFileType = wrapper.application; includeInIndex = 0; path = OneRepMax.app; sourceTree = BUILT_PRODUCTS_DIR; };
		64AA9B2023F08DB100F24D8D /* AppDelegate.swift */ = {isa = PBXFileReference; lastKnownFileType = sourcecode.swift; path = AppDelegate.swift; sourceTree = "<group>"; };
		64AA9B2223F08DB100F24D8D /* SceneDelegate.swift */ = {isa = PBXFileReference; lastKnownFileType = sourcecode.swift; path = SceneDelegate.swift; sourceTree = "<group>"; };
		64AA9B2423F08DB100F24D8D /* ViewController.swift */ = {isa = PBXFileReference; lastKnownFileType = sourcecode.swift; path = ViewController.swift; sourceTree = "<group>"; };
		64AA9B2723F08DB100F24D8D /* Base */ = {isa = PBXFileReference; lastKnownFileType = file.storyboard; name = Base; path = Base.lproj/Main.storyboard; sourceTree = "<group>"; };
		64AA9B2923F08DB400F24D8D /* Assets.xcassets */ = {isa = PBXFileReference; lastKnownFileType = folder.assetcatalog; path = Assets.xcassets; sourceTree = "<group>"; };
		64AA9B2C23F08DB400F24D8D /* Base */ = {isa = PBXFileReference; lastKnownFileType = file.storyboard; name = Base; path = Base.lproj/LaunchScreen.storyboard; sourceTree = "<group>"; };
		64AA9B2E23F08DB400F24D8D /* Info.plist */ = {isa = PBXFileReference; lastKnownFileType = text.plist.xml; path = Info.plist; sourceTree = "<group>"; };
		64AA9B3323F08DB400F24D8D /* OneRepMaxTests.xctest */ = {isa = PBXFileReference; explicitFileType = wrapper.cfbundle; includeInIndex = 0; path = OneRepMaxTests.xctest; sourceTree = BUILT_PRODUCTS_DIR; };
		64AA9B3723F08DB400F24D8D /* OneRepMaxTests.swift */ = {isa = PBXFileReference; lastKnownFileType = sourcecode.swift; path = OneRepMaxTests.swift; sourceTree = "<group>"; };
		64AA9B3923F08DB400F24D8D /* Info.plist */ = {isa = PBXFileReference; lastKnownFileType = text.plist.xml; path = Info.plist; sourceTree = "<group>"; };
/* End PBXFileReference section */

/* Begin PBXFrameworksBuildPhase section */
		64AA9B1A23F08DB100F24D8D /* Frameworks */ = {
			isa = PBXFrameworksBuildPhase;
			buildActionMask = 2147483647;
			files = (
			);
			runOnlyForDeploymentPostprocessing = 0;
		};
		64AA9B3023F08DB400F24D8D /* Frameworks */ = {
			isa = PBXFrameworksBuildPhase;
			buildActionMask = 2147483647;
			files = (
			);
			runOnlyForDeploymentPostprocessing = 0;
		};
/* End PBXFrameworksBuildPhase section */

/* Begin PBXGroup section */
		64AA9B1423F08DB100F24D8D = {
			isa = PBXGroup;
			children = (
				64AA9B1F23F08DB100F24D8D /* OneRepMax */,
				64AA9B3623F08DB400F24D8D /* OneRepMaxTests */,
				64AA9B1E23F08DB100F24D8D /* Products */,
			);
			sourceTree = "<group>";
		};
		64AA9B1E23F08DB100F24D8D /* Products */ = {
			isa = PBXGroup;
			children = (
				64AA9B1D23F08DB100F24D8D /* OneRepMax.app */,
				64AA9B3323F08DB400F24D8D /* OneRepMaxTests.xctest */,
			);
			name = Products;
			sourceTree = "<group>";
		};
		64AA9B1F23F08DB100F24D8D /* OneRepMax */ = {
			isa = PBXGroup;
			children = (
				64AA9B2023F08DB100F24D8D /* AppDelegate.swift */,
				64AA9B2223F08DB100F24D8D /* SceneDelegate.swift */,
				64AA9B2423F08DB100F24D8D /* ViewController.swift */,
				64AA9B2623F08DB100F24D8D /* Main.storyboard */,
				64AA9B2923F08DB400F24D8D /* Assets.xcassets */,
				64AA9B2B23F08DB400F24D8D /* LaunchScreen.storyboard */,
				64AA9B2E23F08DB400F24D8D /* Info.plist */,
			);
			path = OneRepMax;
			sourceTree = "<group>";
		};
		64AA9B3623F08DB400F24D8D /* OneRepMaxTests */ = {
			isa = PBXGroup;
			children = (
				64AA9B3723F08DB400F24D8D /* OneRepMaxTests.swift */,
				64AA9B3923F08DB400F24D8D /* Info.plist */,
			);
			path = OneRepMaxTests;
			sourceTree = "<group>";
		};
/* End PBXGroup section */

/* Begin PBXNativeTarget section */
		64AA9B1C23F08DB100F24D8D /* OneRepMax */ = {
			isa = PBXNativeTarget;
			buildConfigurationList = 64AA9B3C23F08DB400F24D8D /* Build configuration list for PBXNativeTarget "OneRepMax" */;
			buildPhases = (
				64AA9B1923F08DB100F24D8D /* Sources */,
				64AA9B1A23F08DB100F24D8D /* Frameworks */,
				64AA9B1B23F08DB100F24D8D /* Resources */,
			);
			buildRules = (
			);
			dependencies = (
			);
			name = OneRepMax;
			productName = OneRepMax;
			productReference = 64AA9B1D23F08DB100F24D8D /* OneRepMax.app */;
			productType = "com.apple.product-type.application";
		};
		64AA9B3223F08DB400F24D8D /* OneRepMaxTests */ = {
			isa = PBXNativeTarget;
			buildConfigurationList = 64AA9B3F23F08DB400F24D8D /* Build configuration list for PBXNativeTarget "OneRepMaxTests" */;
			buildPhases = (
				64AA9B2F23F08DB400F24D8D /* Sources */,
				64AA9B3023F08DB400F24D8D /* Frameworks */,
				64AA9B3123F08DB400F24D8D /* Resources */,
			);
			buildRules = (
			);
			dependencies = (
				64AA9B3523F08DB400F24D8D /* PBXTargetDependency */,
			);
			name = OneRepMaxTests;
			productName = OneRepMaxTests;
			productReference = 64AA9B3323F08DB400F24D8D /* OneRepMaxTests.xctest */;
			productType = "com.apple.product-type.bundle.unit-test";
		};
/* End PBXNativeTarget section */

/* Begin PBXProject section */
		64AA9B1523F08DB100F24D8D /* Project object */ = {
			isa = PBXProject;
			attributes = {
				LastSwiftUpdateCheck = 1130;
				LastUpgradeCheck = 1130;
				ORGANIZATIONNAME = "David Pan";
				TargetAttributes = {
					64AA9B1C23F08DB100F24D8D = {
						CreatedOnToolsVersion = 11.3.1;
					};
					64AA9B3223F08DB400F24D8D = {
						CreatedOnToolsVersion = 11.3.1;
						TestTargetID = 64AA9B1C23F08DB100F24D8D;
					};
				};
			};
			buildConfigurationList = 64AA9B1823F08DB100F24D8D /* Build configuration list for PBXProject "OneRepMax" */;
			compatibilityVersion = "Xcode 9.3";
			developmentRegion = en;
			hasScannedForEncodings = 0;
			knownRegions = (
				en,
				Base,
			);
			mainGroup = 64AA9B1423F08DB100F24D8D;
			productRefGroup = 64AA9B1E23F08DB100F24D8D /* Products */;
			projectDirPath = "";
			projectRoot = "";
			targets = (
				64AA9B1C23F08DB100F24D8D /* OneRepMax */,
				64AA9B3223F08DB400F24D8D /* OneRepMaxTests */,
			);
		};
/* End PBXProject section */

/* Begin PBXResourcesBuildPhase section */
		64AA9B1B23F08DB100F24D8D /* Resources */ = {
			isa = PBXResourcesBuildPhase;
			buildActionMask = 2147483647;
			files = (
				64AA9B2D23F08DB400F24D8D /* LaunchScreen.storyboard in Resources */,
				64AA9B2A23F08DB400F24D8D /* Assets.xcassets in Resources */,
				64AA9B2823F08DB100F24D8D /* Main.storyboard in Resources */,
			);
			runOnlyForDeploymentPostprocessing = 0;
		};
		64AA9B3123F08DB400F24D8D /* Resources */ = {
			isa = PBXResourcesBuildPhase;
			buildActionMask = 2147483647;
			files = (
			);
			runOnlyForDeploymentPostprocessing = 0;
		};
/* End PBXResourcesBuildPhase section */

/* Begin PBXSourcesBuildPhase section */
		64AA9B1923F08DB100F24D8D /* Sources */ = {
			isa = PBXSourcesBuildPhase;
			buildActionMask = 2147483647;
			files = (
				64AA9B2523F08DB100F24D8D /* ViewController.swift in Sources */,
				64AA9B2123F08DB100F24D8D /* AppDelegate.swift in Sources */,
				64AA9B2323F08DB100F24D8D /* SceneDelegate.swift in Sources */,
			);
			runOnlyForDeploymentPostprocessing = 0;
		};
		64AA9B2F23F08DB400F24D8D /* Sources */ = {
			isa = PBXSourcesBuildPhase;
			buildActionMask = 2147483647;
			files = (
				64AA9B3823F08DB400F24D8D /* OneRepMaxTests.swift in Sources */,
			);
			runOnlyForDeploymentPostprocessing = 0;
		};
/* End PBXSourcesBuildPhase section */

/* Begin PBXTargetDependency section */
		64AA9B3523F08DB400F24D8D /* PBXTargetDependency */ = {
			isa = PBXTargetDependency;
			target = 64AA9B1C23F08DB100F24D8D /* OneRepMax */;
			targetProxy = 64AA9B3423F08DB400F24D8D /* PBXContainerItemProxy */;
		};
/* End PBXTargetDependency section */

/* Begin PBXVariantGroup section */
		64AA9B2623F08DB100F24D8D /* Main.storyboard */ = {
			isa = PBXVariantGroup;
			children = (
				64AA9B2723F08DB100F24D8D /* Base */,
			);
			name = Main.storyboard;
			sourceTree = "<group>";
		};
		64AA9B2B23F08DB400F24D8D /* LaunchScreen.storyboard */ = {
			isa = PBXVariantGroup;
			children = (
				64AA9B2C23F08DB400F24D8D /* Base */,
			);
			name = LaunchScreen.storyboard;
			sourceTree = "<group>";
		};
/* End PBXVariantGroup section */

/* Begin XCBuildConfiguration section */
		64AA9B3A23F08DB400F24D8D /* Debug */ = {
			isa = XCBuildConfiguration;
			buildSettings = {
				ALWAYS_SEARCH_USER_PATHS = NO;
				CLANG_ANALYZER_NONNULL = YES;
				CLANG_ANALYZER_NUMBER_OBJECT_CONVERSION = YES_AGGRESSIVE;
				CLANG_CXX_LANGUAGE_STANDARD = "gnu++14";
				CLANG_CXX_LIBRARY = "libc++";
				CLANG_ENABLE_MODULES = YES;
				CLANG_ENABLE_OBJC_ARC = YES;
				CLANG_ENABLE_OBJC_WEAK = YES;
				CLANG_WARN_BLOCK_CAPTURE_AUTORELEASING = YES;
				CLANG_WARN_BOOL_CONVERSION = YES;
				CLANG_WARN_COMMA = YES;
				CLANG_WARN_CONSTANT_CONVERSION = YES;
				CLANG_WARN_DEPRECATED_OBJC_IMPLEMENTATIONS = YES;
				CLANG_WARN_DIRECT_OBJC_ISA_USAGE = YES_ERROR;
				CLANG_WARN_DOCUMENTATION_COMMENTS = YES;
				CLANG_WARN_EMPTY_BODY = YES;
				CLANG_WARN_ENUM_CONVERSION = YES;
				CLANG_WARN_INFINITE_RECURSION = YES;
				CLANG_WARN_INT_CONVERSION = YES;
				CLANG_WARN_NON_LITERAL_NULL_CONVERSION = YES;
				CLANG_WARN_OBJC_IMPLICIT_RETAIN_SELF = YES;
				CLANG_WARN_OBJC_LITERAL_CONVERSION = YES;
				CLANG_WARN_OBJC_ROOT_CLASS = YES_ERROR;
				CLANG_WARN_RANGE_LOOP_ANALYSIS = YES;
				CLANG_WARN_STRICT_PROTOTYPES = YES;
				CLANG_WARN_SUSPICIOUS_MOVE = YES;
				CLANG_WARN_UNGUARDED_AVAILABILITY = YES_AGGRESSIVE;
				CLANG_WARN_UNREACHABLE_CODE = YES;
				CLANG_WARN__DUPLICATE_METHOD_MATCH = YES;
				COPY_PHASE_STRIP = NO;
				DEBUG_INFORMATION_FORMAT = dwarf;
				ENABLE_STRICT_OBJC_MSGSEND = YES;
				ENABLE_TESTABILITY = YES;
				GCC_C_LANGUAGE_STANDARD = gnu11;
				GCC_DYNAMIC_NO_PIC = NO;
				GCC_NO_COMMON_BLOCKS = YES;
				GCC_OPTIMIZATION_LEVEL = 0;
				GCC_PREPROCESSOR_DEFINITIONS = (
					"DEBUG=1",
					"$(inherited)",
				);
				GCC_WARN_64_TO_32_BIT_CONVERSION = YES;
				GCC_WARN_ABOUT_RETURN_TYPE = YES_ERROR;
				GCC_WARN_UNDECLARED_SELECTOR = YES;
				GCC_WARN_UNINITIALIZED_AUTOS = YES_AGGRESSIVE;
				GCC_WARN_UNUSED_FUNCTION = YES;
				GCC_WARN_UNUSED_VARIABLE = YES;
				IPHONEOS_DEPLOYMENT_TARGET = 13.2;
				MTL_ENABLE_DEBUG_INFO = INCLUDE_SOURCE;
				MTL_FAST_MATH = YES;
				ONLY_ACTIVE_ARCH = YES;
				SDKROOT = iphoneos;
				SWIFT_ACTIVE_COMPILATION_CONDITIONS = DEBUG;
				SWIFT_OPTIMIZATION_LEVEL = "-Onone";
			};
			name = Debug;
		};
		64AA9B3B23F08DB400F24D8D /* Release */ = {
			isa = XCBuildConfiguration;
			buildSettings = {
				ALWAYS_SEARCH_USER_PATHS = NO;
				CLANG_ANALYZER_NONNULL = YES;
				CLANG_ANALYZER_NUMBER_OBJECT_CONVERSION = YES_AGGRESSIVE;
				CLANG_CXX_LANGUAGE_STANDARD = "gnu++14";
				CLANG_CXX_LIBRARY = "libc++";
				CLANG_ENABLE_MODULES = YES;
				CLANG_ENABLE_OBJC_ARC = YES;
				CLANG_ENABLE_OBJC_WEAK = YES;
				CLANG_WARN_BLOCK_CAPTURE_AUTORELEASING = YES;
				CLANG_WARN_BOOL_CONVERSION = YES;
				CLANG_WARN_COMMA = YES;
				CLANG_WARN_CONSTANT_CONVERSION = YES;
				CLANG_WARN_DEPRECATED_OBJC_IMPLEMENTATIONS = YES;
				CLANG_WARN_DIRECT_OBJC_ISA_USAGE = YES_ERROR;
				CLANG_WARN_DOCUMENTATION_COMMENTS = YES;
				CLANG_WARN_EMPTY_BODY = YES;
				CLANG_WARN_ENUM_CONVERSION = YES;
				CLANG_WARN_INFINITE_RECURSION = YES;
				CLANG_WARN_INT_CONVERSION = YES;
				CLANG_WARN_NON_LITERAL_NULL_CONVERSION = YES;
				CLANG_WARN_OBJC_IMPLICIT_RETAIN_SELF = YES;
				CLANG_WARN_OBJC_LITERAL_CONVERSION = YES;
				CLANG_WARN_OBJC_ROOT_CLASS = YES_ERROR;
				CLANG_WARN_RANGE_LOOP_ANALYSIS = YES;
				CLANG_WARN_STRICT_PROTOTYPES = YES;
				CLANG_WARN_SUSPICIOUS_MOVE = YES;
				CLANG_WARN_UNGUARDED_AVAILABILITY = YES_AGGRESSIVE;
				CLANG_WARN_UNREACHABLE_CODE = YES;
				CLANG_WARN__DUPLICATE_METHOD_MATCH = YES;
				COPY_PHASE_STRIP = NO;
				DEBUG_INFORMATION_FORMAT = "dwarf-with-dsym";
				ENABLE_NS_ASSERTIONS = NO;
				ENABLE_STRICT_OBJC_MSGSEND = YES;
				GCC_C_LANGUAGE_STANDARD = gnu11;
				GCC_NO_COMMON_BLOCKS = YES;
				GCC_WARN_64_TO_32_BIT_CONVERSION = YES;
				GCC_WARN_ABOUT_RETURN_TYPE = YES_ERROR;
				GCC_WARN_UNDECLARED_SELECTOR = YES;
				GCC_WARN_UNINITIALIZED_AUTOS = YES_AGGRESSIVE;
				GCC_WARN_UNUSED_FUNCTION = YES;
				GCC_WARN_UNUSED_VARIABLE = YES;
				IPHONEOS_DEPLOYMENT_TARGET = 13.2;
				MTL_ENABLE_DEBUG_INFO = NO;
				MTL_FAST_MATH = YES;
				SDKROOT = iphoneos;
				SWIFT_COMPILATION_MODE = wholemodule;
				SWIFT_OPTIMIZATION_LEVEL = "-O";
				VALIDATE_PRODUCT = YES;
			};
			name = Release;
		};
		64AA9B3D23F08DB400F24D8D /* Debug */ = {
			isa = XCBuildConfiguration;
			buildSettings = {
				ASSETCATALOG_COMPILER_APPICON_NAME = AppIcon;
				CODE_SIGN_STYLE = Automatic;
				DEVELOPMENT_TEAM = F3U7QZJD8L;
				INFOPLIST_FILE = OneRepMax/Info.plist;
				LD_RUNPATH_SEARCH_PATHS = (
					"$(inherited)",
					"@executable_path/Frameworks",
				);
				PRODUCT_BUNDLE_IDENTIFIER = pandavid87.OneRepMax;
				PRODUCT_NAME = "$(TARGET_NAME)";
				SWIFT_VERSION = 5.0;
				TARGETED_DEVICE_FAMILY = "1,2";
			};
			name = Debug;
		};
		64AA9B3E23F08DB400F24D8D /* Release */ = {
			isa = XCBuildConfiguration;
			buildSettings = {
				ASSETCATALOG_COMPILER_APPICON_NAME = AppIcon;
				CODE_SIGN_STYLE = Automatic;
				DEVELOPMENT_TEAM = F3U7QZJD8L;
				INFOPLIST_FILE = OneRepMax/Info.plist;
				LD_RUNPATH_SEARCH_PATHS = (
					"$(inherited)",
					"@executable_path/Frameworks",
				);
				PRODUCT_BUNDLE_IDENTIFIER = pandavid87.OneRepMax;
				PRODUCT_NAME = "$(TARGET_NAME)";
				SWIFT_VERSION = 5.0;
				TARGETED_DEVICE_FAMILY = "1,2";
			};
			name = Release;
		};
		64AA9B4023F08DB400F24D8D /* Debug */ = {
			isa = XCBuildConfiguration;
			buildSettings = {
				ALWAYS_EMBED_SWIFT_STANDARD_LIBRARIES = YES;
				BUNDLE_LOADER = "$(TEST_HOST)";
				CODE_SIGN_STYLE = Automatic;
				DEVELOPMENT_TEAM = F3U7QZJD8L;
				INFOPLIST_FILE = OneRepMaxTests/Info.plist;
				IPHONEOS_DEPLOYMENT_TARGET = 13.2;
				LD_RUNPATH_SEARCH_PATHS = (
					"$(inherited)",
					"@executable_path/Frameworks",
					"@loader_path/Frameworks",
				);
				PRODUCT_BUNDLE_IDENTIFIER = pandavid87.OneRepMaxTests;
				PRODUCT_NAME = "$(TARGET_NAME)";
				SWIFT_VERSION = 5.0;
				TARGETED_DEVICE_FAMILY = "1,2";
				TEST_HOST = "$(BUILT_PRODUCTS_DIR)/OneRepMax.app/OneRepMax";
			};
			name = Debug;
		};
		64AA9B4123F08DB400F24D8D /* Release */ = {
			isa = XCBuildConfiguration;
			buildSettings = {
				ALWAYS_EMBED_SWIFT_STANDARD_LIBRARIES = YES;
				BUNDLE_LOADER = "$(TEST_HOST)";
				CODE_SIGN_STYLE = Automatic;
				DEVELOPMENT_TEAM = F3U7QZJD8L;
				INFOPLIST_FILE = OneRepMaxTests/Info.plist;
				IPHONEOS_DEPLOYMENT_TARGET = 13.2;
				LD_RUNPATH_SEARCH_PATHS = (
					"$(inherited)",
					"@executable_path/Frameworks",
					"@loader_path/Frameworks",
				);
				PRODUCT_BUNDLE_IDENTIFIER = pandavid87.OneRepMaxTests;
				PRODUCT_NAME = "$(TARGET_NAME)";
				SWIFT_VERSION = 5.0;
				TARGETED_DEVICE_FAMILY = "1,2";
				TEST_HOST = "$(BUILT_PRODUCTS_DIR)/OneRepMax.app/OneRepMax";
			};
			name = Release;
		};
/* End XCBuildConfiguration section */

/* Begin XCConfigurationList section */
		64AA9B1823F08DB100F24D8D /* Build configuration list for PBXProject "OneRepMax" */ = {
			isa = XCConfigurationList;
			buildConfigurations = (
				64AA9B3A23F08DB400F24D8D /* Debug */,
				64AA9B3B23F08DB400F24D8D /* Release */,
			);
			defaultConfigurationIsVisible = 0;
			defaultConfigurationName = Release;
		};
		64AA9B3C23F08DB400F24D8D /* Build configuration list for PBXNativeTarget "OneRepMax" */ = {
			isa = XCConfigurationList;
			buildConfigurations = (
				64AA9B3D23F08DB400F24D8D /* Debug */,
				64AA9B3E23F08DB400F24D8D /* Release */,
			);
			defaultConfigurationIsVisible = 0;
			defaultConfigurationName = Release;
		};
		64AA9B3F23F08DB400F24D8D /* Build configuration list for PBXNativeTarget "OneRepMaxTests" */ = {
			isa = XCConfigurationList;
			buildConfigurations = (
				64AA9B4023F08DB400F24D8D /* Debug */,
				64AA9B4123F08DB400F24D8D /* Release */,
			);
			defaultConfigurationIsVisible = 0;
			defaultConfigurationName = Release;
		};
/* End XCConfigurationList section */
	};
	rootObject = 64AA9B1523F08DB100F24D8D /* Project object */;
}
